{
  "name": "util",
  "version": "1.0.0",
  "lockfileVersion": 3,
  "requires": true,
  "packages": {
    "": {
      "name": "util",
      "version": "1.0.0",
      "license": "MIT",
      "dependencies": {
        "date-fns": "^3.6.0",
        "pluralize": "^8.0.0",
        "react-hook-form": "^7.54.2"
      },
      "devDependencies": {
        "@types/pluralize": "^0.0.33"
      }
    },
    "node_modules/@types/pluralize": {
      "version": "0.0.33",
      "resolved": "https://registry.npmjs.org/@types/pluralize/-/pluralize-0.0.33.tgz",
      "integrity": "sha512-JOqsl+ZoCpP4e8TDke9W79FDcSgPAR0l6pixx2JHkhnRjvShyYiAYw2LVsnA7K08Y6DeOnaU6ujmENO4os/cYg==",
      "dev": true
    },
    "node_modules/date-fns": {
      "version": "3.6.0",
      "resolved": "https://registry.npmjs.org/date-fns/-/date-fns-3.6.0.tgz",
      "integrity": "sha512-fRHTG8g/Gif+kSh50gaGEdToemgfj74aRX3swtiouboip5JDLAyDE9F11nHMIcvOaXeOC6D7SpNhi7uFyB7Uww==",
      "funding": {
        "type": "github",
        "url": "https://github.com/sponsors/kossnocorp"
      }
    },
    "node_modules/pluralize": {
      "version": "8.0.0",
      "resolved": "https://registry.npmjs.org/pluralize/-/pluralize-8.0.0.tgz",
      "integrity": "sha512-Nc3IT5yHzflTfbjgqWcCPpo7DaKy4FnpB0l/zCAW0Tc7jxAiuqSxHasntB3D7887LSrA93kDJ9IXovxJYxyLCA==",
      "engines": {
        "node": ">=4"
      }
    },
    "node_modules/react": {
      "version": "19.0.0",
      "resolved": "https://registry.npmjs.org/react/-/react-19.0.0.tgz",
      "integrity": "sha512-V8AVnmPIICiWpGfm6GLzCR/W5FXLchHop40W4nXBmdlEceh16rCN8O8LNWm5bh5XUX91fh7KpA+W0TgMKmgTpQ==",
      "peer": true,
      "engines": {
        "node": ">=0.10.0"
      }
    },
    "node_modules/react-hook-form": {
      "version": "7.54.2",
      "resolved": "https://registry.npmjs.org/react-hook-form/-/react-hook-form-7.54.2.tgz",
      "integrity": "sha512-eHpAUgUjWbZocoQYUHposymRb4ZP6d0uwUnooL2uOybA9/3tPUvoAKqEWK1WaSiTxxOfTpffNZP7QwlnM3/gEg==",
      "engines": {
        "node": ">=18.0.0"
      },
      "funding": {
        "type": "opencollective",
        "url": "https://opencollective.com/react-hook-form"
      },
      "peerDependencies": {
        "react": "^16.8.0 || ^17 || ^18 || ^19"
      }
    }
  }
}
